// !$*UTF8*$!
{
	archiveVersion = 1;
	classes = {
	};
	objectVersion = 48;
	objects = {

/* Begin PBXBuildFile section */
		84077AB0206CBD2C00FDFF48 /* XNotiViewController.m in Sources */ = {isa = PBXBuildFile; fileRef = 84077AAF206CBD2C00FDFF48 /* XNotiViewController.m */; };
		843A889620633D94000D9DA5 /* AppDelegate.m in Sources */ = {isa = PBXBuildFile; fileRef = 843A889520633D94000D9DA5 /* AppDelegate.m */; };
		843A889920633D94000D9DA5 /* ViewController.m in Sources */ = {isa = PBXBuildFile; fileRef = 843A889820633D94000D9DA5 /* ViewController.m */; };
		843A889C20633D94000D9DA5 /* Main.storyboard in Resources */ = {isa = PBXBuildFile; fileRef = 843A889A20633D94000D9DA5 /* Main.storyboard */; };
		843A889E20633D94000D9DA5 /* Assets.xcassets in Resources */ = {isa = PBXBuildFile; fileRef = 843A889D20633D94000D9DA5 /* Assets.xcassets */; };
		843A88A120633D94000D9DA5 /* LaunchScreen.storyboard in Resources */ = {isa = PBXBuildFile; fileRef = 843A889F20633D94000D9DA5 /* LaunchScreen.storyboard */; };
		843A88A420633D94000D9DA5 /* main.m in Sources */ = {isa = PBXBuildFile; fileRef = 843A88A320633D94000D9DA5 /* main.m */; };
		843A88AE20633D94000D9DA5 /* testDemoTests.m in Sources */ = {isa = PBXBuildFile; fileRef = 843A88AD20633D94000D9DA5 /* testDemoTests.m */; };
		843A88B920633D94000D9DA5 /* testDemoUITests.m in Sources */ = {isa = PBXBuildFile; fileRef = 843A88B820633D94000D9DA5 /* testDemoUITests.m */; };
/* End PBXBuildFile section */

/* Begin PBXContainerItemProxy section */
		843A88AA20633D94000D9DA5 /* PBXContainerItemProxy */ = {
			isa = PBXContainerItemProxy;
			containerPortal = 843A888920633D94000D9DA5 /* Project object */;
			proxyType = 1;
			remoteGlobalIDString = 843A889020633D94000D9DA5;
			remoteInfo = testDemo;
		};
		843A88B520633D94000D9DA5 /* PBXContainerItemProxy */ = {
			isa = PBXContainerItemProxy;
			containerPortal = 843A888920633D94000D9DA5 /* Project object */;
			proxyType = 1;
			remoteGlobalIDString = 843A889020633D94000D9DA5;
			remoteInfo = testDemo;
		};
/* End PBXContainerItemProxy section */

/* Begin PBXFileReference section */
		84077AAE206CBD2C00FDFF48 /* XNotiViewController.h */ = {isa = PBXFileReference; lastKnownFileType = sourcecode.c.h; path = XNotiViewController.h; sourceTree = "<group>"; };
		84077AAF206CBD2C00FDFF48 /* XNotiViewController.m */ = {isa = PBXFileReference; lastKnownFileType = sourcecode.c.objc; path = XNotiViewController.m; sourceTree = "<group>"; };
		843A889120633D94000D9DA5 /* testDemo.app */ = {isa = PBXFileReference; explicitFileType = wrapper.application; includeInIndex = 0; path = testDemo.app; sourceTree = BUILT_PRODUCTS_DIR; };
		843A889420633D94000D9DA5 /* AppDelegate.h */ = {isa = PBXFileReference; lastKnownFileType = sourcecode.c.h; path = AppDelegate.h; sourceTree = "<group>"; };
		843A889520633D94000D9DA5 /* AppDelegate.m */ = {isa = PBXFileReference; lastKnownFileType = sourcecode.c.objc; path = AppDelegate.m; sourceTree = "<group>"; };
		843A889720633D94000D9DA5 /* ViewController.h */ = {isa = PBXFileReference; lastKnownFileType = sourcecode.c.h; path = ViewController.h; sourceTree = "<group>"; };
		843A889820633D94000D9DA5 /* ViewController.m */ = {isa = PBXFileReference; lastKnownFileType = sourcecode.c.objc; path = ViewController.m; sourceTree = "<group>"; };
		843A889B20633D94000D9DA5 /* Base */ = {isa = PBXFileReference; lastKnownFileType = file.storyboard; name = Base; path = Base.lproj/Main.storyboard; sourceTree = "<group>"; };
		843A889D20633D94000D9DA5 /* Assets.xcassets */ = {isa = PBXFileReference; lastKnownFileType = folder.assetcatalog; path = Assets.xcassets; sourceTree = "<group>"; };
		843A88A020633D94000D9DA5 /* Base */ = {isa = PBXFileReference; lastKnownFileType = file.storyboard; name = Base; path = Base.lproj/LaunchScreen.storyboard; sourceTree = "<group>"; };
		843A88A220633D94000D9DA5 /* Info.plist */ = {isa = PBXFileReference; lastKnownFileType = text.plist.xml; path = Info.plist; sourceTree = "<group>"; };
		843A88A320633D94000D9DA5 /* main.m */ = {isa = PBXFileReference; lastKnownFileType = sourcecode.c.objc; path = main.m; sourceTree = "<group>"; };
		843A88A920633D94000D9DA5 /* testDemoTests.xctest */ = {isa = PBXFileReference; explicitFileType = wrapper.cfbundle; includeInIndex = 0; path = testDemoTests.xctest; sourceTree = BUILT_PRODUCTS_DIR; };
		843A88AD20633D94000D9DA5 /* testDemoTests.m */ = {isa = PBXFileReference; lastKnownFileType = sourcecode.c.objc; path = testDemoTests.m; sourceTree = "<group>"; };
		843A88AF20633D94000D9DA5 /* Info.plist */ = {isa = PBXFileReference; lastKnownFileType = text.plist.xml; path = Info.plist; sourceTree = "<group>"; };
		843A88B420633D94000D9DA5 /* testDemoUITests.xctest */ = {isa = PBXFileReference; explicitFileType = wrapper.cfbundle; includeInIndex = 0; path = testDemoUITests.xctest; sourceTree = BUILT_PRODUCTS_DIR; };
		843A88B820633D94000D9DA5 /* testDemoUITests.m */ = {isa = PBXFileReference; lastKnownFileType = sourcecode.c.objc; path = testDemoUITests.m; sourceTree = "<group>"; };
		843A88BA20633D94000D9DA5 /* Info.plist */ = {isa = PBXFileReference; lastKnownFileType = text.plist.xml; path = Info.plist; sourceTree = "<group>"; };
/* End PBXFileReference section */

/* Begin PBXFrameworksBuildPhase section */
		843A888E20633D94000D9DA5 /* Frameworks */ = {
			isa = PBXFrameworksBuildPhase;
			buildActionMask = 2147483647;
			files = (
			);
			runOnlyForDeploymentPostprocessing = 0;
		};
		843A88A620633D94000D9DA5 /* Frameworks */ = {
			isa = PBXFrameworksBuildPhase;
			buildActionMask = 2147483647;
			files = (
			);
			runOnlyForDeploymentPostprocessing = 0;
		};
		843A88B120633D94000D9DA5 /* Frameworks */ = {
			isa = PBXFrameworksBuildPhase;
			buildActionMask = 2147483647;
			files = (
			);
			runOnlyForDeploymentPostprocessing = 0;
		};
/* End PBXFrameworksBuildPhase section */

/* Begin PBXGroup section */
		843A888820633D94000D9DA5 = {
			isa = PBXGroup;
			children = (
				843A889320633D94000D9DA5 /* testDemo */,
				843A88AC20633D94000D9DA5 /* testDemoTests */,
				843A88B720633D94000D9DA5 /* testDemoUITests */,
				843A889220633D94000D9DA5 /* Products */,
			);
			sourceTree = "<group>";
		};
		843A889220633D94000D9DA5 /* Products */ = {
			isa = PBXGroup;
			children = (
				843A889120633D94000D9DA5 /* testDemo.app */,
				843A88A920633D94000D9DA5 /* testDemoTests.xctest */,
				843A88B420633D94000D9DA5 /* testDemoUITests.xctest */,
			);
			name = Products;
			sourceTree = "<group>";
		};
		843A889320633D94000D9DA5 /* testDemo */ = {
			isa = PBXGroup;
			children = (
				843A889420633D94000D9DA5 /* AppDelegate.h */,
				843A889520633D94000D9DA5 /* AppDelegate.m */,
				843A889720633D94000D9DA5 /* ViewController.h */,
				843A889820633D94000D9DA5 /* ViewController.m */,
				84077AAE206CBD2C00FDFF48 /* XNotiViewController.h */,
				84077AAF206CBD2C00FDFF48 /* XNotiViewController.m */,
				843A889A20633D94000D9DA5 /* Main.storyboard */,
				843A889D20633D94000D9DA5 /* Assets.xcassets */,
				843A889F20633D94000D9DA5 /* LaunchScreen.storyboard */,
				843A88A220633D94000D9DA5 /* Info.plist */,
				843A88A320633D94000D9DA5 /* main.m */,
			);
			path = testDemo;
			sourceTree = "<group>";
		};
		843A88AC20633D94000D9DA5 /* testDemoTests */ = {
			isa = PBXGroup;
			children = (
				843A88AD20633D94000D9DA5 /* testDemoTests.m */,
				843A88AF20633D94000D9DA5 /* Info.plist */,
			);
			path = testDemoTests;
			sourceTree = "<group>";
		};
		843A88B720633D94000D9DA5 /* testDemoUITests */ = {
			isa = PBXGroup;
			children = (
				843A88B820633D94000D9DA5 /* testDemoUITests.m */,
				843A88BA20633D94000D9DA5 /* Info.plist */,
			);
			path = testDemoUITests;
			sourceTree = "<group>";
		};
/* End PBXGroup section */

/* Begin PBXNativeTarget section */
		843A889020633D94000D9DA5 /* testDemo */ = {
			isa = PBXNativeTarget;
			buildConfigurationList = 843A88BD20633D94000D9DA5 /* Build configuration list for PBXNativeTarget "testDemo" */;
			buildPhases = (
				843A888D20633D94000D9DA5 /* Sources */,
				843A888E20633D94000D9DA5 /* Frameworks */,
				843A888F20633D94000D9DA5 /* Resources */,
			);
			buildRules = (
			);
			dependencies = (
			);
			name = testDemo;
			productName = testDemo;
			productReference = 843A889120633D94000D9DA5 /* testDemo.app */;
			productType = "com.apple.product-type.application";
		};
		843A88A820633D94000D9DA5 /* testDemoTests */ = {
			isa = PBXNativeTarget;
			buildConfigurationList = 843A88C020633D94000D9DA5 /* Build configuration list for PBXNativeTarget "testDemoTests" */;
			buildPhases = (
				843A88A520633D94000D9DA5 /* Sources */,
				843A88A620633D94000D9DA5 /* Frameworks */,
				843A88A720633D94000D9DA5 /* Resources */,
			);
			buildRules = (
			);
			dependencies = (
				843A88AB20633D94000D9DA5 /* PBXTargetDependency */,
			);
			name = testDemoTests;
			productName = testDemoTests;
			productReference = 843A88A920633D94000D9DA5 /* testDemoTests.xctest */;
			productType = "com.apple.product-type.bundle.unit-test";
		};
		843A88B320633D94000D9DA5 /* testDemoUITests */ = {
			isa = PBXNativeTarget;
			buildConfigurationList = 843A88C320633D94000D9DA5 /* Build configuration list for PBXNativeTarget "testDemoUITests" */;
			buildPhases = (
				843A88B020633D94000D9DA5 /* Sources */,
				843A88B120633D94000D9DA5 /* Frameworks */,
				843A88B220633D94000D9DA5 /* Resources */,
			);
			buildRules = (
			);
			dependencies = (
				843A88B620633D94000D9DA5 /* PBXTargetDependency */,
			);
			name = testDemoUITests;
			productName = testDemoUITests;
			productReference = 843A88B420633D94000D9DA5 /* testDemoUITests.xctest */;
			productType = "com.apple.product-type.bundle.ui-testing";
		};
/* End PBXNativeTarget section */

/* Begin PBXProject section */
		843A888920633D94000D9DA5 /* Project object */ = {
			isa = PBXProject;
			attributes = {
				LastUpgradeCheck = 0920;
				ORGANIZATIONNAME = admin;
				TargetAttributes = {
					843A889020633D94000D9DA5 = {
						CreatedOnToolsVersion = 9.2;
						ProvisioningStyle = Automatic;
					};
					843A88A820633D94000D9DA5 = {
						CreatedOnToolsVersion = 9.2;
						ProvisioningStyle = Automatic;
						TestTargetID = 843A889020633D94000D9DA5;
					};
					843A88B320633D94000D9DA5 = {
						CreatedOnToolsVersion = 9.2;
						ProvisioningStyle = Automatic;
						TestTargetID = 843A889020633D94000D9DA5;
					};
				};
			};
			buildConfigurationList = 843A888C20633D94000D9DA5 /* Build configuration list for PBXProject "testDemo" */;
			compatibilityVersion = "Xcode 8.0";
			developmentRegion = en;
			hasScannedForEncodings = 0;
			knownRegions = (
				en,
				Base,
			);
			mainGroup = 843A888820633D94000D9DA5;
			productRefGroup = 843A889220633D94000D9DA5 /* Products */;
			projectDirPath = "";
			projectRoot = "";
			targets = (
				843A889020633D94000D9DA5 /* testDemo */,
				843A88A820633D94000D9DA5 /* testDemoTests */,
				843A88B320633D94000D9DA5 /* testDemoUITests */,
			);
		};
/* End PBXProject section */

/* Begin PBXResourcesBuildPhase section */
		843A888F20633D94000D9DA5 /* Resources */ = {
			isa = PBXResourcesBuildPhase;
			buildActionMask = 2147483647;
			files = (
				843A88A120633D94000D9DA5 /* LaunchScreen.storyboard in Resources */,
				843A889E20633D94000D9DA5 /* Assets.xcassets in Resources */,
				843A889C20633D94000D9DA5 /* Main.storyboard in Resources */,
			);
			runOnlyForDeploymentPostprocessing = 0;
		};
		843A88A720633D94000D9DA5 /* Resources */ = {
			isa = PBXResourcesBuildPhase;
			buildActionMask = 2147483647;
			files = (
			);
			runOnlyForDeploymentPostprocessing = 0;
		};
		843A88B220633D94000D9DA5 /* Resources */ = {
			isa = PBXResourcesBuildPhase;
			buildActionMask = 2147483647;
			files = (
			);
			runOnlyForDeploymentPostprocessing = 0;
		};
/* End PBXResourcesBuildPhase section */

/* Begin PBXSourcesBuildPhase section */
		843A888D20633D94000D9DA5 /* Sources */ = {
			isa = PBXSourcesBuildPhase;
			buildActionMask = 2147483647;
			files = (
				843A889920633D94000D9DA5 /* ViewController.m in Sources */,
				84077AB0206CBD2C00FDFF48 /* XNotiViewController.m in Sources */,
				843A88A420633D94000D9DA5 /* main.m in Sources */,
				843A889620633D94000D9DA5 /* AppDelegate.m in Sources */,
			);
			runOnlyForDeploymentPostprocessing = 0;
		};
		843A88A520633D94000D9DA5 /* Sources */ = {
			isa = PBXSourcesBuildPhase;
			buildActionMask = 2147483647;
			files = (
				843A88AE20633D94000D9DA5 /* testDemoTests.m in Sources */,
			);
			runOnlyForDeploymentPostprocessing = 0;
		};
		843A88B020633D94000D9DA5 /* Sources */ = {
			isa = PBXSourcesBuildPhase;
			buildActionMask = 2147483647;
			files = (
				843A88B920633D94000D9DA5 /* testDemoUITests.m in Sources */,
			);
			runOnlyForDeploymentPostprocessing = 0;
		};
/* End PBXSourcesBuildPhase section */

/* Begin PBXTargetDependency section */
		843A88AB20633D94000D9DA5 /* PBXTargetDependency */ = {
			isa = PBXTargetDependency;
			target = 843A889020633D94000D9DA5 /* testDemo */;
			targetProxy = 843A88AA20633D94000D9DA5 /* PBXContainerItemProxy */;
		};
		843A88B620633D94000D9DA5 /* PBXTargetDependency */ = {
			isa = PBXTargetDependency;
			target = 843A889020633D94000D9DA5 /* testDemo */;
			targetProxy = 843A88B520633D94000D9DA5 /* PBXContainerItemProxy */;
		};
/* End PBXTargetDependency section */

/* Begin PBXVariantGroup section */
		843A889A20633D94000D9DA5 /* Main.storyboard */ = {
			isa = PBXVariantGroup;
			children = (
				843A889B20633D94000D9DA5 /* Base */,
			);
			name = Main.storyboard;
			sourceTree = "<group>";
		};
		843A889F20633D94000D9DA5 /* LaunchScreen.storyboard */ = {
			isa = PBXVariantGroup;
			children = (
				843A88A020633D94000D9DA5 /* Base */,
			);
			name = LaunchScreen.storyboard;
			sourceTree = "<group>";
		};
/* End PBXVariantGroup section */

/* Begin XCBuildConfiguration section */
		843A88BB20633D94000D9DA5 /* Debug */ = {
			isa = XCBuildConfiguration;
			buildSettings = {
				ALWAYS_SEARCH_USER_PATHS = NO;
				CLANG_ANALYZER_NONNULL = YES;
				CLANG_ANALYZER_NUMBER_OBJECT_CONVERSION = YES_AGGRESSIVE;
				CLANG_CXX_LANGUAGE_STANDARD = "gnu++14";
				CLANG_CXX_LIBRARY = "libc++";
				CLANG_ENABLE_MODULES = YES;
				CLANG_ENABLE_OBJC_ARC = YES;
				CLANG_WARN_BLOCK_CAPTURE_AUTORELEASING = YES;
				CLANG_WARN_BOOL_CONVERSION = YES;
				CLANG_WARN_COMMA = YES;
				CLANG_WARN_CONSTANT_CONVERSION = YES;
				CLANG_WARN_DIRECT_OBJC_ISA_USAGE = YES_ERROR;
				CLANG_WARN_DOCUMENTATION_COMMENTS = YES;
				CLANG_WARN_EMPTY_BODY = YES;
				CLANG_WARN_ENUM_CONVERSION = YES;
				CLANG_WARN_INFINITE_RECURSION = YES;
				CLANG_WARN_INT_CONVERSION = YES;
				CLANG_WARN_NON_LITERAL_NULL_CONVERSION = YES;
				CLANG_WARN_OBJC_LITERAL_CONVERSION = YES;
				CLANG_WARN_OBJC_ROOT_CLASS = YES_ERROR;
				CLANG_WARN_RANGE_LOOP_ANALYSIS = YES;
				CLANG_WARN_STRICT_PROTOTYPES = YES;
				CLANG_WARN_SUSPICIOUS_MOVE = YES;
				CLANG_WARN_UNGUARDED_AVAILABILITY = YES_AGGRESSIVE;
				CLANG_WARN_UNREACHABLE_CODE = YES;
				CLANG_WARN__DUPLICATE_METHOD_MATCH = YES;
				CODE_SIGN_IDENTITY = "iPhone Developer";
				COPY_PHASE_STRIP = NO;
				DEBUG_INFORMATION_FORMAT = dwarf;
				ENABLE_STRICT_OBJC_MSGSEND = YES;
				ENABLE_TESTABILITY = YES;
				GCC_C_LANGUAGE_STANDARD = gnu11;
				GCC_DYNAMIC_NO_PIC = NO;
				GCC_NO_COMMON_BLOCKS = YES;
				GCC_OPTIMIZATION_LEVEL = 0;
				GCC_PREPROCESSOR_DEFINITIONS = (
					"DEBUG=1",
					"$(inherited)",
				);
				GCC_WARN_64_TO_32_BIT_CONVERSION = YES;
				GCC_WARN_ABOUT_RETURN_TYPE = YES_ERROR;
				GCC_WARN_UNDECLARED_SELECTOR = YES;
				GCC_WARN_UNINITIALIZED_AUTOS = YES_AGGRESSIVE;
				GCC_WARN_UNUSED_FUNCTION = YES;
				GCC_WARN_UNUSED_VARIABLE = YES;
				IPHONEOS_DEPLOYMENT_TARGET = 11.2;
				MTL_ENABLE_DEBUG_INFO = YES;
				ONLY_ACTIVE_ARCH = YES;
				SDKROOT = iphoneos;
			};
			name = Debug;
		};
		843A88BC20633D94000D9DA5 /* Release */ = {
			isa = XCBuildConfiguration;
			buildSettings = {
				ALWAYS_SEARCH_USER_PATHS = NO;
				CLANG_ANALYZER_NONNULL = YES;
				CLANG_ANALYZER_NUMBER_OBJECT_CONVERSION = YES_AGGRESSIVE;
				CLANG_CXX_LANGUAGE_STANDARD = "gnu++14";
				CLANG_CXX_LIBRARY = "libc++";
				CLANG_ENABLE_MODULES = YES;
				CLANG_ENABLE_OBJC_ARC = YES;
				CLANG_WARN_BLOCK_CAPTURE_AUTORELEASING = YES;
				CLANG_WARN_BOOL_CONVERSION = YES;
				CLANG_WARN_COMMA = YES;
				CLANG_WARN_CONSTANT_CONVERSION = YES;
				CLANG_WARN_DIRECT_OBJC_ISA_USAGE = YES_ERROR;
				CLANG_WARN_DOCUMENTATION_COMMENTS = YES;
				CLANG_WARN_EMPTY_BODY = YES;
				CLANG_WARN_ENUM_CONVERSION = YES;
				CLANG_WARN_INFINITE_RECURSION = YES;
				CLANG_WARN_INT_CONVERSION = YES;
				CLANG_WARN_NON_LITERAL_NULL_CONVERSION = YES;
				CLANG_WARN_OBJC_LITERAL_CONVERSION = YES;
				CLANG_WARN_OBJC_ROOT_CLASS = YES_ERROR;
				CLANG_WARN_RANGE_LOOP_ANALYSIS = YES;
				CLANG_WARN_STRICT_PROTOTYPES = YES;
				CLANG_WARN_SUSPICIOUS_MOVE = YES;
				CLANG_WARN_UNGUARDED_AVAILABILITY = YES_AGGRESSIVE;
				CLANG_WARN_UNREACHABLE_CODE = YES;
				CLANG_WARN__DUPLICATE_METHOD_MATCH = YES;
				CODE_SIGN_IDENTITY = "iPhone Developer";
				COPY_PHASE_STRIP = NO;
				DEBUG_INFORMATION_FORMAT = "dwarf-with-dsym";
				ENABLE_NS_ASSERTIONS = NO;
				ENABLE_STRICT_OBJC_MSGSEND = YES;
				GCC_C_LANGUAGE_STANDARD = gnu11;
				GCC_NO_COMMON_BLOCKS = YES;
				GCC_WARN_64_TO_32_BIT_CONVERSION = YES;
				GCC_WARN_ABOUT_RETURN_TYPE = YES_ERROR;
				GCC_WARN_UNDECLARED_SELECTOR = YES;
				GCC_WARN_UNINITIALIZED_AUTOS = YES_AGGRESSIVE;
				GCC_WARN_UNUSED_FUNCTION = YES;
				GCC_WARN_UNUSED_VARIABLE = YES;
				IPHONEOS_DEPLOYMENT_TARGET = 11.2;
				MTL_ENABLE_DEBUG_INFO = NO;
				SDKROOT = iphoneos;
				VALIDATE_PRODUCT = YES;
			};
			name = Release;
		};
		843A88BE20633D94000D9DA5 /* Debug */ = {
			isa = XCBuildConfiguration;
			buildSettings = {
				ASSETCATALOG_COMPILER_APPICON_NAME = AppIcon;
				CODE_SIGN_STYLE = Automatic;
				DEVELOPMENT_TEAM = 8NDM2JAGC4;
				INFOPLIST_FILE = testDemo/Info.plist;
				LD_RUNPATH_SEARCH_PATHS = "$(inherited) @executable_path/Frameworks";
				PRODUCT_BUNDLE_IDENTIFIER = XTech.testDemo;
				PRODUCT_NAME = "$(TARGET_NAME)";
				TARGETED_DEVICE_FAMILY = "1,2";
			};
			name = Debug;
		};
		843A88BF20633D94000D9DA5 /* Release */ = {
			isa = XCBuildConfiguration;
			buildSettings = {
				ASSETCATALOG_COMPILER_APPICON_NAME = AppIcon;
				CODE_SIGN_STYLE = Automatic;
				DEVELOPMENT_TEAM = 8NDM2JAGC4;
				INFOPLIST_FILE = testDemo/Info.plist;
				LD_RUNPATH_SEARCH_PATHS = "$(inherited) @executable_path/Frameworks";
				PRODUCT_BUNDLE_IDENTIFIER = XTech.testDemo;
				PRODUCT_NAME = "$(TARGET_NAME)";
				TARGETED_DEVICE_FAMILY = "1,2";
			};
			name = Release;
		};
		843A88C120633D94000D9DA5 /* Debug */ = {
			isa = XCBuildConfiguration;
			buildSettings = {
				BUNDLE_LOADER = "$(TEST_HOST)";
				CODE_SIGN_STYLE = Automatic;
				DEVELOPMENT_TEAM = 8NDM2JAGC4;
				INFOPLIST_FILE = testDemoTests/Info.plist;
				LD_RUNPATH_SEARCH_PATHS = "$(inherited) @executable_path/Frameworks @loader_path/Frameworks";
				PRODUCT_BUNDLE_IDENTIFIER = XTech.testDemoTests;
				PRODUCT_NAME = "$(TARGET_NAME)";
				TARGETED_DEVICE_FAMILY = "1,2";
				TEST_HOST = "$(BUILT_PRODUCTS_DIR)/testDemo.app/testDemo";
			};
			name = Debug;
		};
		843A88C220633D94000D9DA5 /* Release */ = {
			isa = XCBuildConfiguration;
			buildSettings = {
				BUNDLE_LOADER = "$(TEST_HOST)";
				CODE_SIGN_STYLE = Automatic;
				DEVELOPMENT_TEAM = 8NDM2JAGC4;
				INFOPLIST_FILE = testDemoTests/Info.plist;
				LD_RUNPATH_SEARCH_PATHS = "$(inherited) @executable_path/Frameworks @loader_path/Frameworks";
				PRODUCT_BUNDLE_IDENTIFIER = XTech.testDemoTests;
				PRODUCT_NAME = "$(TARGET_NAME)";
				TARGETED_DEVICE_FAMILY = "1,2";
				TEST_HOST = "$(BUILT_PRODUCTS_DIR)/testDemo.app/testDemo";
			};
			name = Release;
		};
		843A88C420633D94000D9DA5 /* Debug */ = {
			isa = XCBuildConfiguration;
			buildSettings = {
				CODE_SIGN_STYLE = Automatic;
				DEVELOPMENT_TEAM = 8NDM2JAGC4;
				INFOPLIST_FILE = testDemoUITests/Info.plist;
				LD_RUNPATH_SEARCH_PATHS = "$(inherited) @executable_path/Frameworks @loader_path/Frameworks";
				PRODUCT_BUNDLE_IDENTIFIER = XTech.testDemoUITests;
				PRODUCT_NAME = "$(TARGET_NAME)";
				TARGETED_DEVICE_FAMILY = "1,2";
				TEST_TARGET_NAME = testDemo;
			};
			name = Debug;
		};
		843A88C520633D94000D9DA5 /* Release */ = {
			isa = XCBuildConfiguration;
			buildSettings = {
				CODE_SIGN_STYLE = Automatic;
				DEVELOPMENT_TEAM = 8NDM2JAGC4;
				INFOPLIST_FILE = testDemoUITests/Info.plist;
				LD_RUNPATH_SEARCH_PATHS = "$(inherited) @executable_path/Frameworks @loader_path/Frameworks";
				PRODUCT_BUNDLE_IDENTIFIER = XTech.testDemoUITests;
				PRODUCT_NAME = "$(TARGET_NAME)";
				TARGETED_DEVICE_FAMILY = "1,2";
				TEST_TARGET_NAME = testDemo;
			};
			name = Release;
		};
/* End XCBuildConfiguration section */

/* Begin XCConfigurationList section */
		843A888C20633D94000D9DA5 /* Build configuration list for PBXProject "testDemo" */ = {
			isa = XCConfigurationList;
			buildConfigurations = (
				843A88BB20633D94000D9DA5 /* Debug */,
				843A88BC20633D94000D9DA5 /* Release */,
			);
			defaultConfigurationIsVisible = 0;
			defaultConfigurationName = Release;
		};
		843A88BD20633D94000D9DA5 /* Build configuration list for PBXNativeTarget "testDemo" */ = {
			isa = XCConfigurationList;
			buildConfigurations = (
				843A88BE20633D94000D9DA5 /* Debug */,
				843A88BF20633D94000D9DA5 /* Release */,
			);
			defaultConfigurationIsVisible = 0;
			defaultConfigurationName = Release;
		};
		843A88C020633D94000D9DA5 /* Build configuration list for PBXNativeTarget "testDemoTests" */ = {
			isa = XCConfigurationList;
			buildConfigurations = (
				843A88C120633D94000D9DA5 /* Debug */,
				843A88C220633D94000D9DA5 /* Release */,
			);
			defaultConfigurationIsVisible = 0;
			defaultConfigurationName = Release;
		};
		843A88C320633D94000D9DA5 /* Build configuration list for PBXNativeTarget "testDemoUITests" */ = {
			isa = XCConfigurationList;
			buildConfigurations = (
				843A88C420633D94000D9DA5 /* Debug */,
				843A88C520633D94000D9DA5 /* Release */,
			);
			defaultConfigurationIsVisible = 0;
			defaultConfigurationName = Release;
		};
/* End XCConfigurationList section */
	};
	rootObject = 843A888920633D94000D9DA5 /* Project object */;
}
